// !$*UTF8*$!
{
	archiveVersion = 1;
	classes = {
	};
	objectVersion = 46;
	objects = {

/* Begin PBXBuildFile section */
		A754B93B1DDC0D4800E4F65B /* main.m in Sources */ = {isa = PBXBuildFile; fileRef = A754B93A1DDC0D4800E4F65B /* main.m */; };
		A754B93E1DDC0D4800E4F65B /* AppDelegate.m in Sources */ = {isa = PBXBuildFile; fileRef = A754B93D1DDC0D4800E4F65B /* AppDelegate.m */; };
		A754B9411DDC0D4800E4F65B /* ViewController.m in Sources */ = {isa = PBXBuildFile; fileRef = A754B9401DDC0D4800E4F65B /* ViewController.m */; };
		A754B9441DDC0D4800E4F65B /* Main.storyboard in Resources */ = {isa = PBXBuildFile; fileRef = A754B9421DDC0D4800E4F65B /* Main.storyboard */; };
		A754B9461DDC0D4800E4F65B /* Assets.xcassets in Resources */ = {isa = PBXBuildFile; fileRef = A754B9451DDC0D4800E4F65B /* Assets.xcassets */; };
		A754B9491DDC0D4800E4F65B /* LaunchScreen.storyboard in Resources */ = {isa = PBXBuildFile; fileRef = A754B9471DDC0D4800E4F65B /* LaunchScreen.storyboard */; };
/* End PBXBuildFile section */

/* Begin PBXFileReference section */
		A754B9361DDC0D4800E4F65B /* CallDemo.app */ = {isa = PBXFileReference; explicitFileType = wrapper.application; includeInIndex = 0; path = CallDemo.app; sourceTree = BUILT_PRODUCTS_DIR; };
		A754B93A1DDC0D4800E4F65B /* main.m */ = {isa = PBXFileReference; lastKnownFileType = sourcecode.c.objc; path = main.m; sourceTree = "<group>"; };
		A754B93C1DDC0D4800E4F65B /* AppDelegate.h */ = {isa = PBXFileReference; lastKnownFileType = sourcecode.c.h; path = AppDelegate.h; sourceTree = "<group>"; };
		A754B93D1DDC0D4800E4F65B /* AppDelegate.m */ = {isa = PBXFileReference; lastKnownFileType = sourcecode.c.objc; path = AppDelegate.m; sourceTree = "<group>"; };
		A754B93F1DDC0D4800E4F65B /* ViewController.h */ = {isa = PBXFileReference; lastKnownFileType = sourcecode.c.h; path = ViewController.h; sourceTree = "<group>"; };
		A754B9401DDC0D4800E4F65B /* ViewController.m */ = {isa = PBXFileReference; lastKnownFileType = sourcecode.c.objc; path = ViewController.m; sourceTree = "<group>"; };
		A754B9431DDC0D4800E4F65B /* Base */ = {isa = PBXFileReference; lastKnownFileType = file.storyboard; name = Base; path = Base.lproj/Main.storyboard; sourceTree = "<group>"; };
		A754B9451DDC0D4800E4F65B /* Assets.xcassets */ = {isa = PBXFileReference; lastKnownFileType = folder.assetcatalog; path = Assets.xcassets; sourceTree = "<group>"; };
		A754B9481DDC0D4800E4F65B /* Base */ = {isa = PBXFileReference; lastKnownFileType = file.storyboard; name = Base; path = Base.lproj/LaunchScreen.storyboard; sourceTree = "<group>"; };
		A754B94A1DDC0D4800E4F65B /* Info.plist */ = {isa = PBXFileReference; lastKnownFileType = text.plist.xml; path = Info.plist; sourceTree = "<group>"; };
		A7DFB9BD1DDCEE6600B0A6DD /* CoreTelephony.framework */ = {isa = PBXFileReference; lastKnownFileType = wrapper.framework; name = CoreTelephony.framework; path = System/Library/Frameworks/CoreTelephony.framework; sourceTree = SDKROOT; };
/* End PBXFileReference section */

/* Begin PBXFrameworksBuildPhase section */
		A754B9331DDC0D4800E4F65B /* Frameworks */ = {
			isa = PBXFrameworksBuildPhase;
			buildActionMask = 2147483647;
			files = (
			);
			runOnlyForDeploymentPostprocessing = 0;
		};
/* End PBXFrameworksBuildPhase section */

/* Begin PBXGroup section */
		A754B92D1DDC0D4800E4F65B = {
			isa = PBXGroup;
			children = (
				A754B9381DDC0D4800E4F65B /* CallDemo */,
				A754B9371DDC0D4800E4F65B /* Products */,
				A7DFB9BC1DDCEE6500B0A6DD /* Frameworks */,
			);
			sourceTree = "<group>";
		};
		A754B9371DDC0D4800E4F65B /* Products */ = {
			isa = PBXGroup;
			children = (
				A754B9361DDC0D4800E4F65B /* CallDemo.app */,
			);
			name = Products;
			sourceTree = "<group>";
		};
		A754B9381DDC0D4800E4F65B /* CallDemo */ = {
			isa = PBXGroup;
			children = (
				A754B93C1DDC0D4800E4F65B /* AppDelegate.h */,
				A754B93D1DDC0D4800E4F65B /* AppDelegate.m */,
				A754B93F1DDC0D4800E4F65B /* ViewController.h */,
				A754B9401DDC0D4800E4F65B /* ViewController.m */,
				A754B9421DDC0D4800E4F65B /* Main.storyboard */,
				A754B9451DDC0D4800E4F65B /* Assets.xcassets */,
				A754B9471DDC0D4800E4F65B /* LaunchScreen.storyboard */,
				A754B94A1DDC0D4800E4F65B /* Info.plist */,
				A754B9391DDC0D4800E4F65B /* Supporting Files */,
			);
			path = CallDemo;
			sourceTree = "<group>";
		};
		A754B9391DDC0D4800E4F65B /* Supporting Files */ = {
			isa = PBXGroup;
			children = (
				A754B93A1DDC0D4800E4F65B /* main.m */,
			);
			name = "Supporting Files";
			sourceTree = "<group>";
		};
		A7DFB9BC1DDCEE6500B0A6DD /* Frameworks */ = {
			isa = PBXGroup;
			children = (
				A7DFB9BD1DDCEE6600B0A6DD /* CoreTelephony.framework */,
			);
			name = Frameworks;
			sourceTree = "<group>";
		};
/* End PBXGroup section */

/* Begin PBXNativeTarget section */
		A754B9351DDC0D4800E4F65B /* CallDemo */ = {
			isa = PBXNativeTarget;
			buildConfigurationList = A754B94D1DDC0D4800E4F65B /* Build configuration list for PBXNativeTarget "CallDemo" */;
			buildPhases = (
				A754B9321DDC0D4800E4F65B /* Sources */,
				A754B9331DDC0D4800E4F65B /* Frameworks */,
				A754B9341DDC0D4800E4F65B /* Resources */,
			);
			buildRules = (
			);
			dependencies = (
			);
			name = CallDemo;
			productName = CallDemo;
			productReference = A754B9361DDC0D4800E4F65B /* CallDemo.app */;
			productType = "com.apple.product-type.application";
		};
/* End PBXNativeTarget section */

/* Begin PBXProject section */
		A754B92E1DDC0D4800E4F65B /* Project object */ = {
			isa = PBXProject;
			attributes = {
				LastUpgradeCheck = 0800;
				ORGANIZATIONNAME = ptcloutier;
				TargetAttributes = {
					A754B9351DDC0D4800E4F65B = {
						CreatedOnToolsVersion = 8.0;
						DevelopmentTeam = LHVTYN77KH;
						ProvisioningStyle = Automatic;
					};
				};
			};
			buildConfigurationList = A754B9311DDC0D4800E4F65B /* Build configuration list for PBXProject "CallDemo" */;
			compatibilityVersion = "Xcode 3.2";
			developmentRegion = English;
			hasScannedForEncodings = 0;
			knownRegions = (
				en,
				Base,
			);
			mainGroup = A754B92D1DDC0D4800E4F65B;
			productRefGroup = A754B9371DDC0D4800E4F65B /* Products */;
			projectDirPath = "";
			projectRoot = "";
			targets = (
				A754B9351DDC0D4800E4F65B /* CallDemo */,
			);
		};
/* End PBXProject section */

/* Begin PBXResourcesBuildPhase section */
		A754B9341DDC0D4800E4F65B /* Resources */ = {
			isa = PBXResourcesBuildPhase;
			buildActionMask = 2147483647;
			files = (
				A754B9491DDC0D4800E4F65B /* LaunchScreen.storyboard in Resources */,
				A754B9461DDC0D4800E4F65B /* Assets.xcassets in Resources */,
				A754B9441DDC0D4800E4F65B /* Main.storyboard in Resources */,
			);
			runOnlyForDeploymentPostprocessing = 0;
		};
/* End PBXResourcesBuildPhase section */

/* Begin PBXSourcesBuildPhase section */
		A754B9321DDC0D4800E4F65B /* Sources */ = {
			isa = PBXSourcesBuildPhase;
			buildActionMask = 2147483647;
			files = (
				A754B9411DDC0D4800E4F65B /* ViewController.m in Sources */,
				A754B93E1DDC0D4800E4F65B /* AppDelegate.m in Sources */,
				A754B93B1DDC0D4800E4F65B /* main.m in Sources */,
			);
			runOnlyForDeploymentPostprocessing = 0;
		};
/* End PBXSourcesBuildPhase section */

/* Begin PBXVariantGroup section */
		A754B9421DDC0D4800E4F65B /* Main.storyboard */ = {
			isa = PBXVariantGroup;
			children = (
				A754B9431DDC0D4800E4F65B /* Base */,
			);
			name = Main.storyboard;
			sourceTree = "<group>";
		};
		A754B9471DDC0D4800E4F65B /* LaunchScreen.storyboard */ = {
			isa = PBXVariantGroup;
			children = (
				A754B9481DDC0D4800E4F65B /* Base */,
			);
			name = LaunchScreen.storyboard;
			sourceTree = "<group>";
		};
/* End PBXVariantGroup section */

/* Begin XCBuildConfiguration section */
		A754B94B1DDC0D4800E4F65B /* Debug */ = {
			isa = XCBuildConfiguration;
			buildSettings = {
				ALWAYS_SEARCH_USER_PATHS = NO;
				CLANG_ANALYZER_NONNULL = YES;
				CLANG_CXX_LANGUAGE_STANDARD = "gnu++0x";
				CLANG_CXX_LIBRARY = "libc++";
				CLANG_ENABLE_MODULES = YES;
				CLANG_ENABLE_OBJC_ARC = YES;
				CLANG_WARN_BOOL_CONVERSION = YES;
				CLANG_WARN_CONSTANT_CONVERSION = YES;
				CLANG_WARN_DIRECT_OBJC_ISA_USAGE = YES_ERROR;
				CLANG_WARN_DOCUMENTATION_COMMENTS = YES;
				CLANG_WARN_EMPTY_BODY = YES;
				CLANG_WARN_ENUM_CONVERSION = YES;
				CLANG_WARN_INFINITE_RECURSION = YES;
				CLANG_WARN_INT_CONVERSION = YES;
				CLANG_WARN_OBJC_ROOT_CLASS = YES_ERROR;
				CLANG_WARN_SUSPICIOUS_MOVES = YES;
				CLANG_WARN_UNREACHABLE_CODE = YES;
				CLANG_WARN__DUPLICATE_METHOD_MATCH = YES;
				"CODE_SIGN_IDENTITY[sdk=iphoneos*]" = "iPhone Developer";
				COPY_PHASE_STRIP = NO;
				DEBUG_INFORMATION_FORMAT = dwarf;
				ENABLE_STRICT_OBJC_MSGSEND = YES;
				ENABLE_TESTABILITY = YES;
				GCC_C_LANGUAGE_STANDARD = gnu99;
				GCC_DYNAMIC_NO_PIC = NO;
				GCC_NO_COMMON_BLOCKS = YES;
				GCC_OPTIMIZATION_LEVEL = 0;
				GCC_PREPROCESSOR_DEFINITIONS = (
					"DEBUG=1",
					"$(inherited)",
				);
				GCC_WARN_64_TO_32_BIT_CONVERSION = YES;
				GCC_WARN_ABOUT_RETURN_TYPE = YES_ERROR;
				GCC_WARN_UNDECLARED_SELECTOR = YES;
				GCC_WARN_UNINITIALIZED_AUTOS = YES_AGGRESSIVE;
				GCC_WARN_UNUSED_FUNCTION = YES;
				GCC_WARN_UNUSED_VARIABLE = YES;
				IPHONEOS_DEPLOYMENT_TARGET = 10.0;
				MTL_ENABLE_DEBUG_INFO = YES;
				ONLY_ACTIVE_ARCH = YES;
				SDKROOT = iphoneos;
			};
			name = Debug;
		};
		A754B94C1DDC0D4800E4F65B /* Release */ = {
			isa = XCBuildConfiguration;
			buildSettings = {
				ALWAYS_SEARCH_USER_PATHS = NO;
				CLANG_ANALYZER_NONNULL = YES;
				CLANG_CXX_LANGUAGE_STANDARD = "gnu++0x";
				CLANG_CXX_LIBRARY = "libc++";
				CLANG_ENABLE_MODULES = YES;
				CLANG_ENABLE_OBJC_ARC = YES;
				CLANG_WARN_BOOL_CONVERSION = YES;
				CLANG_WARN_CONSTANT_CONVERSION = YES;
				CLANG_WARN_DIRECT_OBJC_ISA_USAGE = YES_ERROR;
				CLANG_WARN_DOCUMENTATION_COMMENTS = YES;
				CLANG_WARN_EMPTY_BODY = YES;
				CLANG_WARN_ENUM_CONVERSION = YES;
				CLANG_WARN_INFINITE_RECURSION = YES;
				CLANG_WARN_INT_CONVERSION = YES;
				CLANG_WARN_OBJC_ROOT_CLASS = YES_ERROR;
				CLANG_WARN_SUSPICIOUS_MOVES = YES;
				CLANG_WARN_UNREACHABLE_CODE = YES;
				CLANG_WARN__DUPLICATE_METHOD_MATCH = YES;
				"CODE_SIGN_IDENTITY[sdk=iphoneos*]" = "iPhone Developer";
				COPY_PHASE_STRIP = NO;
				DEBUG_INFORMATION_FORMAT = "dwarf-with-dsym";
				ENABLE_NS_ASSERTIONS = NO;
				ENABLE_STRICT_OBJC_MSGSEND = YES;
				GCC_C_LANGUAGE_STANDARD = gnu99;
				GCC_NO_COMMON_BLOCKS = YES;
				GCC_WARN_64_TO_32_BIT_CONVERSION = YES;
				GCC_WARN_ABOUT_RETURN_TYPE = YES_ERROR;
				GCC_WARN_UNDECLARED_SELECTOR = YES;
				GCC_WARN_UNINITIALIZED_AUTOS = YES_AGGRESSIVE;
				GCC_WARN_UNUSED_FUNCTION = YES;
				GCC_WARN_UNUSED_VARIABLE = YES;
				IPHONEOS_DEPLOYMENT_TARGET = 10.0;
				MTL_ENABLE_DEBUG_INFO = NO;
				SDKROOT = iphoneos;
				VALIDATE_PRODUCT = YES;
			};
			name = Release;
		};
		A754B94E1DDC0D4800E4F65B /* Debug */ = {
			isa = XCBuildConfiguration;
			buildSettings = {
				ASSETCATALOG_COMPILER_APPICON_NAME = AppIcon;
				DEVELOPMENT_TEAM = LHVTYN77KH;
				INFOPLIST_FILE = CallDemo/Info.plist;
				IPHONEOS_DEPLOYMENT_TARGET = 9.0;
				LD_RUNPATH_SEARCH_PATHS = "$(inherited) @executable_path/Frameworks";
				PRODUCT_BUNDLE_IDENTIFIER = com.ptcloutier.CallDemo;
				PRODUCT_NAME = "$(TARGET_NAME)";
			};
			name = Debug;
		};
		A754B94F1DDC0D4800E4F65B /* Release */ = {
			isa = XCBuildConfiguration;
			buildSettings = {
				ASSETCATALOG_COMPILER_APPICON_NAME = AppIcon;
				DEVELOPMENT_TEAM = LHVTYN77KH;
				INFOPLIST_FILE = CallDemo/Info.plist;
				IPHONEOS_DEPLOYMENT_TARGET = 9.0;
				LD_RUNPATH_SEARCH_PATHS = "$(inherited) @executable_path/Frameworks";
				PRODUCT_BUNDLE_IDENTIFIER = com.ptcloutier.CallDemo;
				PRODUCT_NAME = "$(TARGET_NAME)";
			};
			name = Release;
		};
/* End XCBuildConfiguration section */

/* Begin XCConfigurationList section */
		A754B9311DDC0D4800E4F65B /* Build configuration list for PBXProject "CallDemo" */ = {
			isa = XCConfigurationList;
			buildConfigurations = (
				A754B94B1DDC0D4800E4F65B /* Debug */,
				A754B94C1DDC0D4800E4F65B /* Release */,
			);
			defaultConfigurationIsVisible = 0;
			defaultConfigurationName = Release;
		};
		A754B94D1DDC0D4800E4F65B /* Build configuration list for PBXNativeTarget "CallDemo" */ = {
			isa = XCConfigurationList;
			buildConfigurations = (
				A754B94E1DDC0D4800E4F65B /* Debug */,
				A754B94F1DDC0D4800E4F65B /* Release */,
			);
			defaultConfigurationIsVisible = 0;
			defaultConfigurationName = Release;
		};
/* End XCConfigurationList section */
	};
	rootObject = A754B92E1DDC0D4800E4F65B /* Project object */;
}
